PODS:
  - Flutter (1.0.0)
  - integration_test (0.0.1):
    - Flutter
  - synthkit (0.0.1):
    - Flutter

DEPENDENCIES:
  - Flutter (from `Flutter`)
  - integration_test (from `.symlinks/plugins/integration_test/ios`)
  - synthkit (from `.symlinks/plugins/synthkit/ios`)

EXTERNAL SOURCES:
  Flutter:
    :path: Flutter
  integration_test:
    :path: ".symlinks/plugins/integration_test/ios"
  synthkit:
    :path: ".symlinks/plugins/synthkit/ios"

SPEC CHECKSUMS:
  Flutter: cabc95a1d2626b1b06e7179b784ebcf0c0cde467
  integration_test: 4a889634ef21a45d28d50d622cf412dc6d9f586e
  synthkit: 1f66e52d0fc833e38d392e1a669fdb44b6b58898

PODFILE CHECKSUM: e590a28e595ce7d4b4f7c1b6dac9fe16b5c43a0c

COCOAPODS: 1.16.2
